// !$*UTF8*$!
{
	archiveVersion = 1;
	classes = {
	};
	objectVersion = 46;
	objects = {

/* Begin PBXBuildFile section */
		310916E71C4EF2DE007EA1C5 /* AppDelegate.swift in Sources */ = {isa = PBXBuildFile; fileRef = 310916E61C4EF2DE007EA1C5 /* AppDelegate.swift */; };
		310916E91C4EF2DE007EA1C5 /* LoginViewController.swift in Sources */ = {isa = PBXBuildFile; fileRef = 310916E81C4EF2DE007EA1C5 /* LoginViewController.swift */; };
		310916EC1C4EF2DE007EA1C5 /* Main.storyboard in Resources */ = {isa = PBXBuildFile; fileRef = 310916EA1C4EF2DE007EA1C5 /* Main.storyboard */; };
		310916EF1C4EF2DE007EA1C5 /* Mosaiek.xcdatamodeld in Sources */ = {isa = PBXBuildFile; fileRef = 310916ED1C4EF2DE007EA1C5 /* Mosaiek.xcdatamodeld */; };
		310916F11C4EF2DE007EA1C5 /* Assets.xcassets in Resources */ = {isa = PBXBuildFile; fileRef = 310916F01C4EF2DE007EA1C5 /* Assets.xcassets */; };
		310916F41C4EF2DE007EA1C5 /* LaunchScreen.storyboard in Resources */ = {isa = PBXBuildFile; fileRef = 310916F21C4EF2DE007EA1C5 /* LaunchScreen.storyboard */; };
		310916FF1C4EF2DE007EA1C5 /* MosaiekTests.swift in Sources */ = {isa = PBXBuildFile; fileRef = 310916FE1C4EF2DE007EA1C5 /* MosaiekTests.swift */; };
		3109170A1C4EF2DE007EA1C5 /* MosaiekUITests.swift in Sources */ = {isa = PBXBuildFile; fileRef = 310917091C4EF2DE007EA1C5 /* MosaiekUITests.swift */; };
		310917191C4EF4B8007EA1C5 /* FBSDKCoreKit.framework in Frameworks */ = {isa = PBXBuildFile; fileRef = 310917181C4EF4B8007EA1C5 /* FBSDKCoreKit.framework */; };
		3109171F1C4EFB18007EA1C5 /* Bolts.framework in Frameworks */ = {isa = PBXBuildFile; fileRef = 3109171D1C4EFB18007EA1C5 /* Bolts.framework */; };
		310917201C4EFB18007EA1C5 /* Parse.framework in Frameworks */ = {isa = PBXBuildFile; fileRef = 3109171E1C4EFB18007EA1C5 /* Parse.framework */; };
		310917221C4EFB6B007EA1C5 /* AudioToolbox.framework in Frameworks */ = {isa = PBXBuildFile; fileRef = 310917211C4EFB6B007EA1C5 /* AudioToolbox.framework */; };
		310917241C4EFB72007EA1C5 /* CFNetwork.framework in Frameworks */ = {isa = PBXBuildFile; fileRef = 310917231C4EFB72007EA1C5 /* CFNetwork.framework */; };
		310917261C4EFB7C007EA1C5 /* CoreGraphics.framework in Frameworks */ = {isa = PBXBuildFile; fileRef = 310917251C4EFB7C007EA1C5 /* CoreGraphics.framework */; };
		310917281C4EFB83007EA1C5 /* CoreLocation.framework in Frameworks */ = {isa = PBXBuildFile; fileRef = 310917271C4EFB83007EA1C5 /* CoreLocation.framework */; };
		3109172A1C4EFB89007EA1C5 /* QuartzCore.framework in Frameworks */ = {isa = PBXBuildFile; fileRef = 310917291C4EFB89007EA1C5 /* QuartzCore.framework */; };
		3109172C1C4EFB8E007EA1C5 /* Security.framework in Frameworks */ = {isa = PBXBuildFile; fileRef = 3109172B1C4EFB8E007EA1C5 /* Security.framework */; };
		3109172E1C4EFB96007EA1C5 /* StoreKit.framework in Frameworks */ = {isa = PBXBuildFile; fileRef = 3109172D1C4EFB96007EA1C5 /* StoreKit.framework */; };
		310917301C4EFB9E007EA1C5 /* SystemConfiguration.framework in Frameworks */ = {isa = PBXBuildFile; fileRef = 3109172F1C4EFB9E007EA1C5 /* SystemConfiguration.framework */; };
		310917321C4EFBA6007EA1C5 /* libz.tbd in Frameworks */ = {isa = PBXBuildFile; fileRef = 310917311C4EFBA6007EA1C5 /* libz.tbd */; };
		310917341C4EFBAD007EA1C5 /* libsqlite3.tbd in Frameworks */ = {isa = PBXBuildFile; fileRef = 310917331C4EFBAD007EA1C5 /* libsqlite3.tbd */; };
		310917361C4EFC49007EA1C5 /* ParseFacebookUtilsV4.framework in Frameworks */ = {isa = PBXBuildFile; fileRef = 310917351C4EFC49007EA1C5 /* ParseFacebookUtilsV4.framework */; };
		310917381C4EFC8F007EA1C5 /* FBSDKLoginKit.framework in Frameworks */ = {isa = PBXBuildFile; fileRef = 310917371C4EFC8F007EA1C5 /* FBSDKLoginKit.framework */; };
		3112FB8F1C587634004F8055 /* TimelineMosaicCell.swift in Sources */ = {isa = PBXBuildFile; fileRef = 3112FB8E1C587634004F8055 /* TimelineMosaicCell.swift */; };
		311F2E6E1C5EFE380011B49B /* AddContributorsCell.swift in Sources */ = {isa = PBXBuildFile; fileRef = 311F2E6D1C5EFE380011B49B /* AddContributorsCell.swift */; };
		311F2E701C5F230F0011B49B /* TimelineDetailCommentViewController.swift in Sources */ = {isa = PBXBuildFile; fileRef = 311F2E6F1C5F230F0011B49B /* TimelineDetailCommentViewController.swift */; };
		3124CD7F1C65243800143310 /* Date.swift in Sources */ = {isa = PBXBuildFile; fileRef = 3124CD7E1C65243800143310 /* Date.swift */; };
		313C3D381C6EBDB700DD5663 /* AddMoreContributorsViewController.swift in Sources */ = {isa = PBXBuildFile; fileRef = 313C3D371C6EBDB700DD5663 /* AddMoreContributorsViewController.swift */; };
		313C3D3A1C7011A600DD5663 /* AddMoreContributorsCell.swift in Sources */ = {isa = PBXBuildFile; fileRef = 313C3D391C7011A600DD5663 /* AddMoreContributorsCell.swift */; };
		313C3D3C1C72F18600DD5663 /* ImageProcessor.swift in Sources */ = {isa = PBXBuildFile; fileRef = 313C3D3B1C72F18600DD5663 /* ImageProcessor.swift */; };
		3152A5C11C61A1390053746A /* CommentCell.swift in Sources */ = {isa = PBXBuildFile; fileRef = 3152A5C01C61A1390053746A /* CommentCell.swift */; };
		31B75EC91C85096C0032CA46 /* ContributionProcessor.swift in Sources */ = {isa = PBXBuildFile; fileRef = 31B75EC81C85096C0032CA46 /* ContributionProcessor.swift */; };
		31B7DE2C1C8217D000F6F193 /* SocketHandler.swift in Sources */ = {isa = PBXBuildFile; fileRef = 31B7DE2B1C8217D000F6F193 /* SocketHandler.swift */; };
		31DD5E661C6ACD6700AFE515 /* ContributorImageView.swift in Sources */ = {isa = PBXBuildFile; fileRef = 31DD5E651C6ACD6700AFE515 /* ContributorImageView.swift */; };
		31E7A7261C4F3A4D00736786 /* TimelineViewController.swift in Sources */ = {isa = PBXBuildFile; fileRef = 31E7A7251C4F3A4D00736786 /* TimelineViewController.swift */; };
		31E7A7281C4F41DB00736786 /* InvitationsViewController.swift in Sources */ = {isa = PBXBuildFile; fileRef = 31E7A7271C4F41DB00736786 /* InvitationsViewController.swift */; };
		31E7A72A1C4F428400736786 /* NewMosaicViewController.swift in Sources */ = {isa = PBXBuildFile; fileRef = 31E7A7291C4F428400736786 /* NewMosaicViewController.swift */; };
		31E7A72C1C4F431700736786 /* TimelineDetailViewController.swift in Sources */ = {isa = PBXBuildFile; fileRef = 31E7A72B1C4F431700736786 /* TimelineDetailViewController.swift */; };
		31E7A72F1C4F48E800736786 /* Mosaic.swift in Sources */ = {isa = PBXBuildFile; fileRef = 31E7A72E1C4F48E800736786 /* Mosaic.swift */; };
		31E7A7311C4F493C00736786 /* User.swift in Sources */ = {isa = PBXBuildFile; fileRef = 31E7A7301C4F493C00736786 /* User.swift */; };
		31E7A7331C4F496100736786 /* MosaicImage.swift in Sources */ = {isa = PBXBuildFile; fileRef = 31E7A7321C4F496100736786 /* MosaicImage.swift */; };
		31E7A7371C4F49BB00736786 /* EditMosaicViewController.swift in Sources */ = {isa = PBXBuildFile; fileRef = 31E7A7361C4F49BB00736786 /* EditMosaicViewController.swift */; };
		31E7A7391C4F49E000736786 /* Comment.swift in Sources */ = {isa = PBXBuildFile; fileRef = 31E7A7381C4F49E000736786 /* Comment.swift */; };
		31E7A73B1C4F4A1B00736786 /* AddContributorsViewController.swift in Sources */ = {isa = PBXBuildFile; fileRef = 31E7A73A1C4F4A1B00736786 /* AddContributorsViewController.swift */; };
		31E7A73D1C4F4A5900736786 /* EditContributorsViewController.swift in Sources */ = {isa = PBXBuildFile; fileRef = 31E7A73C1C4F4A5900736786 /* EditContributorsViewController.swift */; };
		31E7A73F1C51B64A00736786 /* AddFriendsViewController.swift in Sources */ = {isa = PBXBuildFile; fileRef = 31E7A73E1C51B64A00736786 /* AddFriendsViewController.swift */; };
		31E7A7421C51DE4A00736786 /* AddFriendCell.swift in Sources */ = {isa = PBXBuildFile; fileRef = 31E7A7411C51DE4A00736786 /* AddFriendCell.swift */; };
		31E7A7441C559CEF00736786 /* Notification.swift in Sources */ = {isa = PBXBuildFile; fileRef = 31E7A7431C559CEF00736786 /* Notification.swift */; };
		31E7A7461C55B8FE00736786 /* InvitationCell.swift in Sources */ = {isa = PBXBuildFile; fileRef = 31E7A7451C55B8FE00736786 /* InvitationCell.swift */; };
		31FF49A71C680EB200E5204E /* FBSDKShareKit.framework in Frameworks */ = {isa = PBXBuildFile; fileRef = 31FF49A61C680EB200E5204E /* FBSDKShareKit.framework */; };
		63C92E06CDE2414A0FE4E528 /* Pods_Mosaiek.framework in Frameworks */ = {isa = PBXBuildFile; fileRef = F959418F1DA1EB7D8336EAEA /* Pods_Mosaiek.framework */; };
/* End PBXBuildFile section */

/* Begin PBXContainerItemProxy section */
		310916FB1C4EF2DE007EA1C5 /* PBXContainerItemProxy */ = {
			isa = PBXContainerItemProxy;
			containerPortal = 310916DB1C4EF2DE007EA1C5 /* Project object */;
			proxyType = 1;
			remoteGlobalIDString = 310916E21C4EF2DE007EA1C5;
			remoteInfo = Mosaiek;
		};
		310917061C4EF2DE007EA1C5 /* PBXContainerItemProxy */ = {
			isa = PBXContainerItemProxy;
			containerPortal = 310916DB1C4EF2DE007EA1C5 /* Project object */;
			proxyType = 1;
			remoteGlobalIDString = 310916E21C4EF2DE007EA1C5;
			remoteInfo = Mosaiek;
		};
/* End PBXContainerItemProxy section */

/* Begin PBXFileReference section */
		310916E31C4EF2DE007EA1C5 /* Mosaiek.app */ = {isa = PBXFileReference; explicitFileType = wrapper.application; includeInIndex = 0; path = Mosaiek.app; sourceTree = BUILT_PRODUCTS_DIR; };
		310916E61C4EF2DE007EA1C5 /* AppDelegate.swift */ = {isa = PBXFileReference; lastKnownFileType = sourcecode.swift; path = AppDelegate.swift; sourceTree = "<group>"; };
		310916E81C4EF2DE007EA1C5 /* LoginViewController.swift */ = {isa = PBXFileReference; lastKnownFileType = sourcecode.swift; path = LoginViewController.swift; sourceTree = "<group>"; };
		310916EB1C4EF2DE007EA1C5 /* Base */ = {isa = PBXFileReference; lastKnownFileType = file.storyboard; name = Base; path = Base.lproj/Main.storyboard; sourceTree = "<group>"; };
		310916EE1C4EF2DE007EA1C5 /* Mosaiek.xcdatamodel */ = {isa = PBXFileReference; lastKnownFileType = wrapper.xcdatamodel; path = Mosaiek.xcdatamodel; sourceTree = "<group>"; };
		310916F01C4EF2DE007EA1C5 /* Assets.xcassets */ = {isa = PBXFileReference; lastKnownFileType = folder.assetcatalog; path = Assets.xcassets; sourceTree = "<group>"; };
		310916F31C4EF2DE007EA1C5 /* Base */ = {isa = PBXFileReference; lastKnownFileType = file.storyboard; name = Base; path = Base.lproj/LaunchScreen.storyboard; sourceTree = "<group>"; };
		310916F51C4EF2DE007EA1C5 /* Info.plist */ = {isa = PBXFileReference; lastKnownFileType = text.plist.xml; path = Info.plist; sourceTree = "<group>"; };
		310916FA1C4EF2DE007EA1C5 /* MosaiekTests.xctest */ = {isa = PBXFileReference; explicitFileType = wrapper.cfbundle; includeInIndex = 0; path = MosaiekTests.xctest; sourceTree = BUILT_PRODUCTS_DIR; };
		310916FE1C4EF2DE007EA1C5 /* MosaiekTests.swift */ = {isa = PBXFileReference; lastKnownFileType = sourcecode.swift; path = MosaiekTests.swift; sourceTree = "<group>"; };
		310917001C4EF2DE007EA1C5 /* Info.plist */ = {isa = PBXFileReference; lastKnownFileType = text.plist.xml; path = Info.plist; sourceTree = "<group>"; };
		310917051C4EF2DE007EA1C5 /* MosaiekUITests.xctest */ = {isa = PBXFileReference; explicitFileType = wrapper.cfbundle; includeInIndex = 0; path = MosaiekUITests.xctest; sourceTree = BUILT_PRODUCTS_DIR; };
		310917091C4EF2DE007EA1C5 /* MosaiekUITests.swift */ = {isa = PBXFileReference; lastKnownFileType = sourcecode.swift; path = MosaiekUITests.swift; sourceTree = "<group>"; };
		3109170B1C4EF2DE007EA1C5 /* Info.plist */ = {isa = PBXFileReference; lastKnownFileType = text.plist.xml; path = Info.plist; sourceTree = "<group>"; };
		310917181C4EF4B8007EA1C5 /* FBSDKCoreKit.framework */ = {isa = PBXFileReference; lastKnownFileType = wrapper.framework; name = FBSDKCoreKit.framework; path = ../../Documents/FacebookSDK/FBSDKCoreKit.framework; sourceTree = "<group>"; };
		3109171A1C4EF61D007EA1C5 /* Bridging-Header.h */ = {isa = PBXFileReference; lastKnownFileType = sourcecode.c.h; name = "Bridging-Header.h"; path = "Mosaiek/Bridging-Header.h"; sourceTree = "<group>"; };
		3109171D1C4EFB18007EA1C5 /* Bolts.framework */ = {isa = PBXFileReference; lastKnownFileType = wrapper.framework; name = Bolts.framework; path = ../../Documents/ParseSDK/Bolts.framework; sourceTree = "<group>"; };
		3109171E1C4EFB18007EA1C5 /* Parse.framework */ = {isa = PBXFileReference; lastKnownFileType = wrapper.framework; name = Parse.framework; path = ../../Documents/ParseSDK/Parse.framework; sourceTree = "<group>"; };
		310917211C4EFB6B007EA1C5 /* AudioToolbox.framework */ = {isa = PBXFileReference; lastKnownFileType = wrapper.framework; name = AudioToolbox.framework; path = System/Library/Frameworks/AudioToolbox.framework; sourceTree = SDKROOT; };
		310917231C4EFB72007EA1C5 /* CFNetwork.framework */ = {isa = PBXFileReference; lastKnownFileType = wrapper.framework; name = CFNetwork.framework; path = System/Library/Frameworks/CFNetwork.framework; sourceTree = SDKROOT; };
		310917251C4EFB7C007EA1C5 /* CoreGraphics.framework */ = {isa = PBXFileReference; lastKnownFileType = wrapper.framework; name = CoreGraphics.framework; path = System/Library/Frameworks/CoreGraphics.framework; sourceTree = SDKROOT; };
		310917271C4EFB83007EA1C5 /* CoreLocation.framework */ = {isa = PBXFileReference; lastKnownFileType = wrapper.framework; name = CoreLocation.framework; path = System/Library/Frameworks/CoreLocation.framework; sourceTree = SDKROOT; };
		310917291C4EFB89007EA1C5 /* QuartzCore.framework */ = {isa = PBXFileReference; lastKnownFileType = wrapper.framework; name = QuartzCore.framework; path = System/Library/Frameworks/QuartzCore.framework; sourceTree = SDKROOT; };
		3109172B1C4EFB8E007EA1C5 /* Security.framework */ = {isa = PBXFileReference; lastKnownFileType = wrapper.framework; name = Security.framework; path = System/Library/Frameworks/Security.framework; sourceTree = SDKROOT; };
		3109172D1C4EFB96007EA1C5 /* StoreKit.framework */ = {isa = PBXFileReference; lastKnownFileType = wrapper.framework; name = StoreKit.framework; path = System/Library/Frameworks/StoreKit.framework; sourceTree = SDKROOT; };
		3109172F1C4EFB9E007EA1C5 /* SystemConfiguration.framework */ = {isa = PBXFileReference; lastKnownFileType = wrapper.framework; name = SystemConfiguration.framework; path = System/Library/Frameworks/SystemConfiguration.framework; sourceTree = SDKROOT; };
		310917311C4EFBA6007EA1C5 /* libz.tbd */ = {isa = PBXFileReference; lastKnownFileType = "sourcecode.text-based-dylib-definition"; name = libz.tbd; path = usr/lib/libz.tbd; sourceTree = SDKROOT; };
		310917331C4EFBAD007EA1C5 /* libsqlite3.tbd */ = {isa = PBXFileReference; lastKnownFileType = "sourcecode.text-based-dylib-definition"; name = libsqlite3.tbd; path = usr/lib/libsqlite3.tbd; sourceTree = SDKROOT; };
		310917351C4EFC49007EA1C5 /* ParseFacebookUtilsV4.framework */ = {isa = PBXFileReference; lastKnownFileType = wrapper.framework; name = ParseFacebookUtilsV4.framework; path = ../../Documents/ParseSDK/ParseFacebookUtilsV4.framework; sourceTree = "<group>"; };
		310917371C4EFC8F007EA1C5 /* FBSDKLoginKit.framework */ = {isa = PBXFileReference; lastKnownFileType = wrapper.framework; name = FBSDKLoginKit.framework; path = ../../Documents/FacebookSDK/FBSDKLoginKit.framework; sourceTree = "<group>"; };
		3112FB8E1C587634004F8055 /* TimelineMosaicCell.swift */ = {isa = PBXFileReference; fileEncoding = 4; lastKnownFileType = sourcecode.swift; path = TimelineMosaicCell.swift; sourceTree = "<group>"; };
		311F2E6D1C5EFE380011B49B /* AddContributorsCell.swift */ = {isa = PBXFileReference; fileEncoding = 4; lastKnownFileType = sourcecode.swift; path = AddContributorsCell.swift; sourceTree = "<group>"; };
		311F2E6F1C5F230F0011B49B /* TimelineDetailCommentViewController.swift */ = {isa = PBXFileReference; fileEncoding = 4; lastKnownFileType = sourcecode.swift; path = TimelineDetailCommentViewController.swift; sourceTree = "<group>"; };
		3124CD7E1C65243800143310 /* Date.swift */ = {isa = PBXFileReference; fileEncoding = 4; lastKnownFileType = sourcecode.swift; path = Date.swift; sourceTree = "<group>"; };
		313C3D371C6EBDB700DD5663 /* AddMoreContributorsViewController.swift */ = {isa = PBXFileReference; fileEncoding = 4; lastKnownFileType = sourcecode.swift; path = AddMoreContributorsViewController.swift; sourceTree = "<group>"; };
		313C3D391C7011A600DD5663 /* AddMoreContributorsCell.swift */ = {isa = PBXFileReference; fileEncoding = 4; lastKnownFileType = sourcecode.swift; path = AddMoreContributorsCell.swift; sourceTree = "<group>"; };
		313C3D3B1C72F18600DD5663 /* ImageProcessor.swift */ = {isa = PBXFileReference; fileEncoding = 4; lastKnownFileType = sourcecode.swift; path = ImageProcessor.swift; sourceTree = "<group>"; };
		3152A5C01C61A1390053746A /* CommentCell.swift */ = {isa = PBXFileReference; fileEncoding = 4; lastKnownFileType = sourcecode.swift; path = CommentCell.swift; sourceTree = "<group>"; };
		31B75EC81C85096C0032CA46 /* ContributionProcessor.swift */ = {isa = PBXFileReference; fileEncoding = 4; lastKnownFileType = sourcecode.swift; path = ContributionProcessor.swift; sourceTree = "<group>"; };
		31B7DE2B1C8217D000F6F193 /* SocketHandler.swift */ = {isa = PBXFileReference; fileEncoding = 4; lastKnownFileType = sourcecode.swift; path = SocketHandler.swift; sourceTree = "<group>"; };
		31DD5E651C6ACD6700AFE515 /* ContributorImageView.swift */ = {isa = PBXFileReference; fileEncoding = 4; lastKnownFileType = sourcecode.swift; path = ContributorImageView.swift; sourceTree = "<group>"; };
		31E7A7251C4F3A4D00736786 /* TimelineViewController.swift */ = {isa = PBXFileReference; fileEncoding = 4; lastKnownFileType = sourcecode.swift; path = TimelineViewController.swift; sourceTree = "<group>"; };
		31E7A7271C4F41DB00736786 /* InvitationsViewController.swift */ = {isa = PBXFileReference; fileEncoding = 4; lastKnownFileType = sourcecode.swift; path = InvitationsViewController.swift; sourceTree = "<group>"; };
		31E7A7291C4F428400736786 /* NewMosaicViewController.swift */ = {isa = PBXFileReference; fileEncoding = 4; lastKnownFileType = sourcecode.swift; path = NewMosaicViewController.swift; sourceTree = "<group>"; };
		31E7A72B1C4F431700736786 /* TimelineDetailViewController.swift */ = {isa = PBXFileReference; fileEncoding = 4; lastKnownFileType = sourcecode.swift; path = TimelineDetailViewController.swift; sourceTree = "<group>"; };
		31E7A72E1C4F48E800736786 /* Mosaic.swift */ = {isa = PBXFileReference; fileEncoding = 4; lastKnownFileType = sourcecode.swift; path = Mosaic.swift; sourceTree = "<group>"; };
		31E7A7301C4F493C00736786 /* User.swift */ = {isa = PBXFileReference; fileEncoding = 4; lastKnownFileType = sourcecode.swift; path = User.swift; sourceTree = "<group>"; };
		31E7A7321C4F496100736786 /* MosaicImage.swift */ = {isa = PBXFileReference; fileEncoding = 4; lastKnownFileType = sourcecode.swift; path = MosaicImage.swift; sourceTree = "<group>"; };
		31E7A7361C4F49BB00736786 /* EditMosaicViewController.swift */ = {isa = PBXFileReference; fileEncoding = 4; lastKnownFileType = sourcecode.swift; path = EditMosaicViewController.swift; sourceTree = "<group>"; };
		31E7A7381C4F49E000736786 /* Comment.swift */ = {isa = PBXFileReference; fileEncoding = 4; lastKnownFileType = sourcecode.swift; path = Comment.swift; sourceTree = "<group>"; };
		31E7A73A1C4F4A1B00736786 /* AddContributorsViewController.swift */ = {isa = PBXFileReference; fileEncoding = 4; lastKnownFileType = sourcecode.swift; path = AddContributorsViewController.swift; sourceTree = "<group>"; };
		31E7A73C1C4F4A5900736786 /* EditContributorsViewController.swift */ = {isa = PBXFileReference; fileEncoding = 4; lastKnownFileType = sourcecode.swift; path = EditContributorsViewController.swift; sourceTree = "<group>"; };
		31E7A73E1C51B64A00736786 /* AddFriendsViewController.swift */ = {isa = PBXFileReference; fileEncoding = 4; lastKnownFileType = sourcecode.swift; path = AddFriendsViewController.swift; sourceTree = "<group>"; };
		31E7A7411C51DE4A00736786 /* AddFriendCell.swift */ = {isa = PBXFileReference; fileEncoding = 4; lastKnownFileType = sourcecode.swift; path = AddFriendCell.swift; sourceTree = "<group>"; };
		31E7A7431C559CEF00736786 /* Notification.swift */ = {isa = PBXFileReference; fileEncoding = 4; lastKnownFileType = sourcecode.swift; path = Notification.swift; sourceTree = "<group>"; };
		31E7A7451C55B8FE00736786 /* InvitationCell.swift */ = {isa = PBXFileReference; fileEncoding = 4; lastKnownFileType = sourcecode.swift; path = InvitationCell.swift; sourceTree = "<group>"; };
		31FF49A61C680EB200E5204E /* FBSDKShareKit.framework */ = {isa = PBXFileReference; lastKnownFileType = wrapper.framework; name = FBSDKShareKit.framework; path = ../../Documents/FacebookSDK/FBSDKShareKit.framework; sourceTree = "<group>"; };
		5E36629411E8E712D50B4D88 /* Pods-Mosaiek.release.xcconfig */ = {isa = PBXFileReference; includeInIndex = 1; lastKnownFileType = text.xcconfig; name = "Pods-Mosaiek.release.xcconfig"; path = "Pods/Target Support Files/Pods-Mosaiek/Pods-Mosaiek.release.xcconfig"; sourceTree = "<group>"; };
		949DDE35E6D788F6B7D99D89 /* Pods-Mosaiek.debug.xcconfig */ = {isa = PBXFileReference; includeInIndex = 1; lastKnownFileType = text.xcconfig; name = "Pods-Mosaiek.debug.xcconfig"; path = "Pods/Target Support Files/Pods-Mosaiek/Pods-Mosaiek.debug.xcconfig"; sourceTree = "<group>"; };
		F959418F1DA1EB7D8336EAEA /* Pods_Mosaiek.framework */ = {isa = PBXFileReference; explicitFileType = wrapper.framework; includeInIndex = 0; path = Pods_Mosaiek.framework; sourceTree = BUILT_PRODUCTS_DIR; };
/* End PBXFileReference section */

/* Begin PBXFrameworksBuildPhase section */
		310916E01C4EF2DE007EA1C5 /* Frameworks */ = {
			isa = PBXFrameworksBuildPhase;
			buildActionMask = 2147483647;
			files = (
				31FF49A71C680EB200E5204E /* FBSDKShareKit.framework in Frameworks */,
				310917341C4EFBAD007EA1C5 /* libsqlite3.tbd in Frameworks */,
				310917321C4EFBA6007EA1C5 /* libz.tbd in Frameworks */,
				310917381C4EFC8F007EA1C5 /* FBSDKLoginKit.framework in Frameworks */,
				310917361C4EFC49007EA1C5 /* ParseFacebookUtilsV4.framework in Frameworks */,
				310917301C4EFB9E007EA1C5 /* SystemConfiguration.framework in Frameworks */,
				3109172E1C4EFB96007EA1C5 /* StoreKit.framework in Frameworks */,
				3109172C1C4EFB8E007EA1C5 /* Security.framework in Frameworks */,
				3109172A1C4EFB89007EA1C5 /* QuartzCore.framework in Frameworks */,
				310917281C4EFB83007EA1C5 /* CoreLocation.framework in Frameworks */,
				310917261C4EFB7C007EA1C5 /* CoreGraphics.framework in Frameworks */,
				310917241C4EFB72007EA1C5 /* CFNetwork.framework in Frameworks */,
				310917221C4EFB6B007EA1C5 /* AudioToolbox.framework in Frameworks */,
				3109171F1C4EFB18007EA1C5 /* Bolts.framework in Frameworks */,
				310917201C4EFB18007EA1C5 /* Parse.framework in Frameworks */,
				310917191C4EF4B8007EA1C5 /* FBSDKCoreKit.framework in Frameworks */,
				63C92E06CDE2414A0FE4E528 /* Pods_Mosaiek.framework in Frameworks */,
			);
			runOnlyForDeploymentPostprocessing = 0;
		};
		310916F71C4EF2DE007EA1C5 /* Frameworks */ = {
			isa = PBXFrameworksBuildPhase;
			buildActionMask = 2147483647;
			files = (
			);
			runOnlyForDeploymentPostprocessing = 0;
		};
		310917021C4EF2DE007EA1C5 /* Frameworks */ = {
			isa = PBXFrameworksBuildPhase;
			buildActionMask = 2147483647;
			files = (
			);
			runOnlyForDeploymentPostprocessing = 0;
		};
/* End PBXFrameworksBuildPhase section */

/* Begin PBXGroup section */
		310916DA1C4EF2DE007EA1C5 = {
			isa = PBXGroup;
			children = (
				3109171A1C4EF61D007EA1C5 /* Bridging-Header.h */,
				310916E51C4EF2DE007EA1C5 /* Mosaiek */,
				310916FD1C4EF2DE007EA1C5 /* MosaiekTests */,
				310917081C4EF2DE007EA1C5 /* MosaiekUITests */,
				310916E41C4EF2DE007EA1C5 /* Products */,
				310917171C4EF4A3007EA1C5 /* Frameworks */,
				E7B569EC2BA3553FDFDE69EF /* Pods */,
			);
			sourceTree = "<group>";
		};
		310916E41C4EF2DE007EA1C5 /* Products */ = {
			isa = PBXGroup;
			children = (
				310916E31C4EF2DE007EA1C5 /* Mosaiek.app */,
				310916FA1C4EF2DE007EA1C5 /* MosaiekTests.xctest */,
				310917051C4EF2DE007EA1C5 /* MosaiekUITests.xctest */,
			);
			name = Products;
			sourceTree = "<group>";
		};
		310916E51C4EF2DE007EA1C5 /* Mosaiek */ = {
			isa = PBXGroup;
			children = (
				310916E61C4EF2DE007EA1C5 /* AppDelegate.swift */,
				310916EA1C4EF2DE007EA1C5 /* Main.storyboard */,
				310916F21C4EF2DE007EA1C5 /* LaunchScreen.storyboard */,
				31E7A7401C51DE2200736786 /* TableViewCells */,
				31E7A72D1C4F48D800736786 /* Models */,
				3124CD801C65279000143310 /* Views */,
				31E7A7241C4F2D7700736786 /* Controllers */,
				3124CD7D1C65241A00143310 /* Utils */,
				310916F01C4EF2DE007EA1C5 /* Assets.xcassets */,
				310916F51C4EF2DE007EA1C5 /* Info.plist */,
				310916ED1C4EF2DE007EA1C5 /* Mosaiek.xcdatamodeld */,
			);
			path = Mosaiek;
			sourceTree = "<group>";
		};
		310916FD1C4EF2DE007EA1C5 /* MosaiekTests */ = {
			isa = PBXGroup;
			children = (
				310916FE1C4EF2DE007EA1C5 /* MosaiekTests.swift */,
				310917001C4EF2DE007EA1C5 /* Info.plist */,
			);
			path = MosaiekTests;
			sourceTree = "<group>";
		};
		310917081C4EF2DE007EA1C5 /* MosaiekUITests */ = {
			isa = PBXGroup;
			children = (
				310917091C4EF2DE007EA1C5 /* MosaiekUITests.swift */,
				3109170B1C4EF2DE007EA1C5 /* Info.plist */,
			);
			path = MosaiekUITests;
			sourceTree = "<group>";
		};
		310917171C4EF4A3007EA1C5 /* Frameworks */ = {
			isa = PBXGroup;
			children = (
				31FF49A61C680EB200E5204E /* FBSDKShareKit.framework */,
				310917371C4EFC8F007EA1C5 /* FBSDKLoginKit.framework */,
				310917351C4EFC49007EA1C5 /* ParseFacebookUtilsV4.framework */,
				310917331C4EFBAD007EA1C5 /* libsqlite3.tbd */,
				310917311C4EFBA6007EA1C5 /* libz.tbd */,
				3109172F1C4EFB9E007EA1C5 /* SystemConfiguration.framework */,
				3109172D1C4EFB96007EA1C5 /* StoreKit.framework */,
				3109172B1C4EFB8E007EA1C5 /* Security.framework */,
				310917291C4EFB89007EA1C5 /* QuartzCore.framework */,
				310917271C4EFB83007EA1C5 /* CoreLocation.framework */,
				310917251C4EFB7C007EA1C5 /* CoreGraphics.framework */,
				310917231C4EFB72007EA1C5 /* CFNetwork.framework */,
				310917211C4EFB6B007EA1C5 /* AudioToolbox.framework */,
				3109171D1C4EFB18007EA1C5 /* Bolts.framework */,
				3109171E1C4EFB18007EA1C5 /* Parse.framework */,
				310917181C4EF4B8007EA1C5 /* FBSDKCoreKit.framework */,
				F959418F1DA1EB7D8336EAEA /* Pods_Mosaiek.framework */,
			);
			name = Frameworks;
			sourceTree = "<group>";
		};
		3124CD7D1C65241A00143310 /* Utils */ = {
			isa = PBXGroup;
			children = (
				3124CD7E1C65243800143310 /* Date.swift */,
				313C3D3B1C72F18600DD5663 /* ImageProcessor.swift */,
				31B7DE2B1C8217D000F6F193 /* SocketHandler.swift */,
				31B75EC81C85096C0032CA46 /* ContributionProcessor.swift */,
			);
			name = Utils;
			sourceTree = "<group>";
		};
		3124CD801C65279000143310 /* Views */ = {
			isa = PBXGroup;
			children = (
				31DD5E651C6ACD6700AFE515 /* ContributorImageView.swift */,
			);
			name = Views;
			sourceTree = "<group>";
		};
		31E7A7241C4F2D7700736786 /* Controllers */ = {
			isa = PBXGroup;
			children = (
				310916E81C4EF2DE007EA1C5 /* LoginViewController.swift */,
				31E7A7251C4F3A4D00736786 /* TimelineViewController.swift */,
				31E7A72B1C4F431700736786 /* TimelineDetailViewController.swift */,
				311F2E6F1C5F230F0011B49B /* TimelineDetailCommentViewController.swift */,
				31E7A7271C4F41DB00736786 /* InvitationsViewController.swift */,
				31E7A7291C4F428400736786 /* NewMosaicViewController.swift */,
				31E7A7361C4F49BB00736786 /* EditMosaicViewController.swift */,
				31E7A73A1C4F4A1B00736786 /* AddContributorsViewController.swift */,
				31E7A73C1C4F4A5900736786 /* EditContributorsViewController.swift */,
				31E7A73E1C51B64A00736786 /* AddFriendsViewController.swift */,
				313C3D371C6EBDB700DD5663 /* AddMoreContributorsViewController.swift */,
			);
			name = Controllers;
			sourceTree = "<group>";
		};
		31E7A72D1C4F48D800736786 /* Models */ = {
			isa = PBXGroup;
			children = (
				31E7A72E1C4F48E800736786 /* Mosaic.swift */,
				31E7A7301C4F493C00736786 /* User.swift */,
				31E7A7321C4F496100736786 /* MosaicImage.swift */,
				31E7A7381C4F49E000736786 /* Comment.swift */,
				31E7A7431C559CEF00736786 /* Notification.swift */,
			);
			name = Models;
			sourceTree = "<group>";
		};
		31E7A7401C51DE2200736786 /* TableViewCells */ = {
			isa = PBXGroup;
			children = (
				31E7A7411C51DE4A00736786 /* AddFriendCell.swift */,
				31E7A7451C55B8FE00736786 /* InvitationCell.swift */,
				3112FB8E1C587634004F8055 /* TimelineMosaicCell.swift */,
				311F2E6D1C5EFE380011B49B /* AddContributorsCell.swift */,
				3152A5C01C61A1390053746A /* CommentCell.swift */,
				313C3D391C7011A600DD5663 /* AddMoreContributorsCell.swift */,
			);
			name = TableViewCells;
			sourceTree = "<group>";
		};
		E7B569EC2BA3553FDFDE69EF /* Pods */ = {
			isa = PBXGroup;
			children = (
				949DDE35E6D788F6B7D99D89 /* Pods-Mosaiek.debug.xcconfig */,
				5E36629411E8E712D50B4D88 /* Pods-Mosaiek.release.xcconfig */,
			);
			name = Pods;
			sourceTree = "<group>";
		};
/* End PBXGroup section */

/* Begin PBXNativeTarget section */
		310916E21C4EF2DE007EA1C5 /* Mosaiek */ = {
			isa = PBXNativeTarget;
			buildConfigurationList = 3109170E1C4EF2DE007EA1C5 /* Build configuration list for PBXNativeTarget "Mosaiek" */;
			buildPhases = (
				1F2FE73CCB3A81C4D466A9CD /* Check Pods Manifest.lock */,
				310916DF1C4EF2DE007EA1C5 /* Sources */,
				310916E01C4EF2DE007EA1C5 /* Frameworks */,
				310916E11C4EF2DE007EA1C5 /* Resources */,
				BC56EA76C3AC6CB3F65D194A /* Embed Pods Frameworks */,
				9A0F3089DAD4F3C4C14378AA /* Copy Pods Resources */,
			);
			buildRules = (
			);
			dependencies = (
			);
			name = Mosaiek;
			productName = Mosaiek;
			productReference = 310916E31C4EF2DE007EA1C5 /* Mosaiek.app */;
			productType = "com.apple.product-type.application";
		};
		310916F91C4EF2DE007EA1C5 /* MosaiekTests */ = {
			isa = PBXNativeTarget;
			buildConfigurationList = 310917111C4EF2DE007EA1C5 /* Build configuration list for PBXNativeTarget "MosaiekTests" */;
			buildPhases = (
				310916F61C4EF2DE007EA1C5 /* Sources */,
				310916F71C4EF2DE007EA1C5 /* Frameworks */,
				310916F81C4EF2DE007EA1C5 /* Resources */,
			);
			buildRules = (
			);
			dependencies = (
				310916FC1C4EF2DE007EA1C5 /* PBXTargetDependency */,
			);
			name = MosaiekTests;
			productName = MosaiekTests;
			productReference = 310916FA1C4EF2DE007EA1C5 /* MosaiekTests.xctest */;
			productType = "com.apple.product-type.bundle.unit-test";
		};
		310917041C4EF2DE007EA1C5 /* MosaiekUITests */ = {
			isa = PBXNativeTarget;
			buildConfigurationList = 310917141C4EF2DE007EA1C5 /* Build configuration list for PBXNativeTarget "MosaiekUITests" */;
			buildPhases = (
				310917011C4EF2DE007EA1C5 /* Sources */,
				310917021C4EF2DE007EA1C5 /* Frameworks */,
				310917031C4EF2DE007EA1C5 /* Resources */,
			);
			buildRules = (
			);
			dependencies = (
				310917071C4EF2DE007EA1C5 /* PBXTargetDependency */,
			);
			name = MosaiekUITests;
			productName = MosaiekUITests;
			productReference = 310917051C4EF2DE007EA1C5 /* MosaiekUITests.xctest */;
			productType = "com.apple.product-type.bundle.ui-testing";
		};
/* End PBXNativeTarget section */

/* Begin PBXProject section */
		310916DB1C4EF2DE007EA1C5 /* Project object */ = {
			isa = PBXProject;
			attributes = {
				LastSwiftUpdateCheck = 0710;
				LastUpgradeCheck = 0710;
				ORGANIZATIONNAME = "Jonathan Schapiro";
				TargetAttributes = {
					310916E21C4EF2DE007EA1C5 = {
						CreatedOnToolsVersion = 7.1.1;
						DevelopmentTeam = 6N2GDUAVKE;
					};
					310916F91C4EF2DE007EA1C5 = {
						CreatedOnToolsVersion = 7.1.1;
						DevelopmentTeam = 6N2GDUAVKE;
						TestTargetID = 310916E21C4EF2DE007EA1C5;
					};
					310917041C4EF2DE007EA1C5 = {
						CreatedOnToolsVersion = 7.1.1;
						DevelopmentTeam = 6N2GDUAVKE;
						TestTargetID = 310916E21C4EF2DE007EA1C5;
					};
				};
			};
			buildConfigurationList = 310916DE1C4EF2DE007EA1C5 /* Build configuration list for PBXProject "Mosaiek" */;
			compatibilityVersion = "Xcode 3.2";
			developmentRegion = English;
			hasScannedForEncodings = 0;
			knownRegions = (
				en,
				Base,
			);
			mainGroup = 310916DA1C4EF2DE007EA1C5;
			productRefGroup = 310916E41C4EF2DE007EA1C5 /* Products */;
			projectDirPath = "";
			projectRoot = "";
			targets = (
				310916E21C4EF2DE007EA1C5 /* Mosaiek */,
				310916F91C4EF2DE007EA1C5 /* MosaiekTests */,
				310917041C4EF2DE007EA1C5 /* MosaiekUITests */,
			);
		};
/* End PBXProject section */

/* Begin PBXResourcesBuildPhase section */
		310916E11C4EF2DE007EA1C5 /* Resources */ = {
			isa = PBXResourcesBuildPhase;
			buildActionMask = 2147483647;
			files = (
				310916F41C4EF2DE007EA1C5 /* LaunchScreen.storyboard in Resources */,
				310916F11C4EF2DE007EA1C5 /* Assets.xcassets in Resources */,
				310916EC1C4EF2DE007EA1C5 /* Main.storyboard in Resources */,
			);
			runOnlyForDeploymentPostprocessing = 0;
		};
		310916F81C4EF2DE007EA1C5 /* Resources */ = {
			isa = PBXResourcesBuildPhase;
			buildActionMask = 2147483647;
			files = (
			);
			runOnlyForDeploymentPostprocessing = 0;
		};
		310917031C4EF2DE007EA1C5 /* Resources */ = {
			isa = PBXResourcesBuildPhase;
			buildActionMask = 2147483647;
			files = (
			);
			runOnlyForDeploymentPostprocessing = 0;
		};
/* End PBXResourcesBuildPhase section */

/* Begin PBXShellScriptBuildPhase section */
		1F2FE73CCB3A81C4D466A9CD /* Check Pods Manifest.lock */ = {
			isa = PBXShellScriptBuildPhase;
			buildActionMask = 2147483647;
			files = (
			);
			inputPaths = (
			);
			name = "Check Pods Manifest.lock";
			outputPaths = (
			);
			runOnlyForDeploymentPostprocessing = 0;
			shellPath = /bin/sh;
			shellScript = "diff \"${PODS_ROOT}/../Podfile.lock\" \"${PODS_ROOT}/Manifest.lock\" > /dev/null\nif [[ $? != 0 ]] ; then\n    cat << EOM\nerror: The sandbox is not in sync with the Podfile.lock. Run 'pod install' or update your CocoaPods installation.\nEOM\n    exit 1\nfi\n";
			showEnvVarsInLog = 0;
		};
		9A0F3089DAD4F3C4C14378AA /* Copy Pods Resources */ = {
			isa = PBXShellScriptBuildPhase;
			buildActionMask = 2147483647;
			files = (
			);
			inputPaths = (
			);
			name = "Copy Pods Resources";
			outputPaths = (
			);
			runOnlyForDeploymentPostprocessing = 0;
			shellPath = /bin/sh;
			shellScript = "\"${SRCROOT}/Pods/Target Support Files/Pods-Mosaiek/Pods-Mosaiek-resources.sh\"\n";
			showEnvVarsInLog = 0;
		};
		BC56EA76C3AC6CB3F65D194A /* Embed Pods Frameworks */ = {
			isa = PBXShellScriptBuildPhase;
			buildActionMask = 2147483647;
			files = (
			);
			inputPaths = (
			);
			name = "Embed Pods Frameworks";
			outputPaths = (
			);
			runOnlyForDeploymentPostprocessing = 0;
			shellPath = /bin/sh;
			shellScript = "\"${SRCROOT}/Pods/Target Support Files/Pods-Mosaiek/Pods-Mosaiek-frameworks.sh\"\n";
			showEnvVarsInLog = 0;
		};
/* End PBXShellScriptBuildPhase section */

/* Begin PBXSourcesBuildPhase section */
		310916DF1C4EF2DE007EA1C5 /* Sources */ = {
			isa = PBXSourcesBuildPhase;
			buildActionMask = 2147483647;
			files = (
				3124CD7F1C65243800143310 /* Date.swift in Sources */,
				31B7DE2C1C8217D000F6F193 /* SocketHandler.swift in Sources */,
				313C3D3C1C72F18600DD5663 /* ImageProcessor.swift in Sources */,
				31E7A7461C55B8FE00736786 /* InvitationCell.swift in Sources */,
				31B75EC91C85096C0032CA46 /* ContributionProcessor.swift in Sources */,
				310916EF1C4EF2DE007EA1C5 /* Mosaiek.xcdatamodeld in Sources */,
				31E7A72C1C4F431700736786 /* TimelineDetailViewController.swift in Sources */,
				313C3D381C6EBDB700DD5663 /* AddMoreContributorsViewController.swift in Sources */,
				3152A5C11C61A1390053746A /* CommentCell.swift in Sources */,
				311F2E6E1C5EFE380011B49B /* AddContributorsCell.swift in Sources */,
				31E7A7261C4F3A4D00736786 /* TimelineViewController.swift in Sources */,
				31E7A72F1C4F48E800736786 /* Mosaic.swift in Sources */,
				31E7A7281C4F41DB00736786 /* InvitationsViewController.swift in Sources */,
				31E7A73B1C4F4A1B00736786 /* AddContributorsViewController.swift in Sources */,
				31E7A73F1C51B64A00736786 /* AddFriendsViewController.swift in Sources */,
				31E7A7311C4F493C00736786 /* User.swift in Sources */,
				31E7A7371C4F49BB00736786 /* EditMosaicViewController.swift in Sources */,
				31E7A7391C4F49E000736786 /* Comment.swift in Sources */,
				31DD5E661C6ACD6700AFE515 /* ContributorImageView.swift in Sources */,
				31E7A72A1C4F428400736786 /* NewMosaicViewController.swift in Sources */,
				311F2E701C5F230F0011B49B /* TimelineDetailCommentViewController.swift in Sources */,
				31E7A73D1C4F4A5900736786 /* EditContributorsViewController.swift in Sources */,
				310916E91C4EF2DE007EA1C5 /* LoginViewController.swift in Sources */,
				310916E71C4EF2DE007EA1C5 /* AppDelegate.swift in Sources */,
				31E7A7331C4F496100736786 /* MosaicImage.swift in Sources */,
				313C3D3A1C7011A600DD5663 /* AddMoreContributorsCell.swift in Sources */,
				3112FB8F1C587634004F8055 /* TimelineMosaicCell.swift in Sources */,
				31E7A7421C51DE4A00736786 /* AddFriendCell.swift in Sources */,
				31E7A7441C559CEF00736786 /* Notification.swift in Sources */,
			);
			runOnlyForDeploymentPostprocessing = 0;
		};
		310916F61C4EF2DE007EA1C5 /* Sources */ = {
			isa = PBXSourcesBuildPhase;
			buildActionMask = 2147483647;
			files = (
				310916FF1C4EF2DE007EA1C5 /* MosaiekTests.swift in Sources */,
			);
			runOnlyForDeploymentPostprocessing = 0;
		};
		310917011C4EF2DE007EA1C5 /* Sources */ = {
			isa = PBXSourcesBuildPhase;
			buildActionMask = 2147483647;
			files = (
				3109170A1C4EF2DE007EA1C5 /* MosaiekUITests.swift in Sources */,
			);
			runOnlyForDeploymentPostprocessing = 0;
		};
/* End PBXSourcesBuildPhase section */

/* Begin PBXTargetDependency section */
		310916FC1C4EF2DE007EA1C5 /* PBXTargetDependency */ = {
			isa = PBXTargetDependency;
			target = 310916E21C4EF2DE007EA1C5 /* Mosaiek */;
			targetProxy = 310916FB1C4EF2DE007EA1C5 /* PBXContainerItemProxy */;
		};
		310917071C4EF2DE007EA1C5 /* PBXTargetDependency */ = {
			isa = PBXTargetDependency;
			target = 310916E21C4EF2DE007EA1C5 /* Mosaiek */;
			targetProxy = 310917061C4EF2DE007EA1C5 /* PBXContainerItemProxy */;
		};
/* End PBXTargetDependency section */

/* Begin PBXVariantGroup section */
		310916EA1C4EF2DE007EA1C5 /* Main.storyboard */ = {
			isa = PBXVariantGroup;
			children = (
				310916EB1C4EF2DE007EA1C5 /* Base */,
			);
			name = Main.storyboard;
			sourceTree = "<group>";
		};
		310916F21C4EF2DE007EA1C5 /* LaunchScreen.storyboard */ = {
			isa = PBXVariantGroup;
			children = (
				310916F31C4EF2DE007EA1C5 /* Base */,
			);
			name = LaunchScreen.storyboard;
			sourceTree = "<group>";
		};
/* End PBXVariantGroup section */

/* Begin XCBuildConfiguration section */
		3109170C1C4EF2DE007EA1C5 /* Debug */ = {
			isa = XCBuildConfiguration;
			buildSettings = {
				ALWAYS_SEARCH_USER_PATHS = NO;
				CLANG_CXX_LANGUAGE_STANDARD = "gnu++0x";
				CLANG_CXX_LIBRARY = "libc++";
				CLANG_ENABLE_MODULES = YES;
				CLANG_ENABLE_OBJC_ARC = YES;
				CLANG_WARN_BOOL_CONVERSION = YES;
				CLANG_WARN_CONSTANT_CONVERSION = YES;
				CLANG_WARN_DIRECT_OBJC_ISA_USAGE = YES_ERROR;
				CLANG_WARN_EMPTY_BODY = YES;
				CLANG_WARN_ENUM_CONVERSION = YES;
				CLANG_WARN_INT_CONVERSION = YES;
				CLANG_WARN_OBJC_ROOT_CLASS = YES_ERROR;
				CLANG_WARN_UNREACHABLE_CODE = YES;
				CLANG_WARN__DUPLICATE_METHOD_MATCH = YES;
				"CODE_SIGN_IDENTITY[sdk=iphoneos*]" = "iPhone Developer";
				COPY_PHASE_STRIP = NO;
				DEBUG_INFORMATION_FORMAT = dwarf;
				ENABLE_STRICT_OBJC_MSGSEND = YES;
				ENABLE_TESTABILITY = YES;
				GCC_C_LANGUAGE_STANDARD = gnu99;
				GCC_DYNAMIC_NO_PIC = NO;
				GCC_NO_COMMON_BLOCKS = YES;
				GCC_OPTIMIZATION_LEVEL = 0;
				GCC_PREPROCESSOR_DEFINITIONS = (
					"DEBUG=1",
					"$(inherited)",
				);
				GCC_WARN_64_TO_32_BIT_CONVERSION = YES;
				GCC_WARN_ABOUT_RETURN_TYPE = YES_ERROR;
				GCC_WARN_UNDECLARED_SELECTOR = YES;
				GCC_WARN_UNINITIALIZED_AUTOS = YES_AGGRESSIVE;
				GCC_WARN_UNUSED_FUNCTION = YES;
				GCC_WARN_UNUSED_VARIABLE = YES;
				IPHONEOS_DEPLOYMENT_TARGET = 9.1;
				MTL_ENABLE_DEBUG_INFO = YES;
				ONLY_ACTIVE_ARCH = YES;
				SDKROOT = iphoneos;
				SWIFT_OPTIMIZATION_LEVEL = "-Onone";
				TARGETED_DEVICE_FAMILY = "1,2";
			};
			name = Debug;
		};
		3109170D1C4EF2DE007EA1C5 /* Release */ = {
			isa = XCBuildConfiguration;
			buildSettings = {
				ALWAYS_SEARCH_USER_PATHS = NO;
				CLANG_CXX_LANGUAGE_STANDARD = "gnu++0x";
				CLANG_CXX_LIBRARY = "libc++";
				CLANG_ENABLE_MODULES = YES;
				CLANG_ENABLE_OBJC_ARC = YES;
				CLANG_WARN_BOOL_CONVERSION = YES;
				CLANG_WARN_CONSTANT_CONVERSION = YES;
				CLANG_WARN_DIRECT_OBJC_ISA_USAGE = YES_ERROR;
				CLANG_WARN_EMPTY_BODY = YES;
				CLANG_WARN_ENUM_CONVERSION = YES;
				CLANG_WARN_INT_CONVERSION = YES;
				CLANG_WARN_OBJC_ROOT_CLASS = YES_ERROR;
				CLANG_WARN_UNREACHABLE_CODE = YES;
				CLANG_WARN__DUPLICATE_METHOD_MATCH = YES;
				"CODE_SIGN_IDENTITY[sdk=iphoneos*]" = "iPhone Developer";
				COPY_PHASE_STRIP = NO;
				DEBUG_INFORMATION_FORMAT = "dwarf-with-dsym";
				ENABLE_NS_ASSERTIONS = NO;
				ENABLE_STRICT_OBJC_MSGSEND = YES;
				GCC_C_LANGUAGE_STANDARD = gnu99;
				GCC_NO_COMMON_BLOCKS = YES;
				GCC_WARN_64_TO_32_BIT_CONVERSION = YES;
				GCC_WARN_ABOUT_RETURN_TYPE = YES_ERROR;
				GCC_WARN_UNDECLARED_SELECTOR = YES;
				GCC_WARN_UNINITIALIZED_AUTOS = YES_AGGRESSIVE;
				GCC_WARN_UNUSED_FUNCTION = YES;
				GCC_WARN_UNUSED_VARIABLE = YES;
				IPHONEOS_DEPLOYMENT_TARGET = 9.1;
				MTL_ENABLE_DEBUG_INFO = NO;
				SDKROOT = iphoneos;
				TARGETED_DEVICE_FAMILY = "1,2";
				VALIDATE_PRODUCT = YES;
			};
			name = Release;
		};
		3109170F1C4EF2DE007EA1C5 /* Debug */ = {
			isa = XCBuildConfiguration;
			baseConfigurationReference = 949DDE35E6D788F6B7D99D89 /* Pods-Mosaiek.debug.xcconfig */;
			buildSettings = {
				ASSETCATALOG_COMPILER_APPICON_NAME = AppIcon;
				CODE_SIGN_IDENTITY = "iPhone Developer: Jonathan Schapiro (B6KNDXG7TJ)";
				FRAMEWORK_SEARCH_PATHS = (
					/Users/jonathanschapiro/Documents/FacebookSDK,
					/Users/jonathanschapiro/Documents/ParseSDK,
					/Users/jonathanschapiro/Documents/,
				);
				INFOPLIST_FILE = Mosaiek/Info.plist;
				LD_RUNPATH_SEARCH_PATHS = "$(inherited) @executable_path/Frameworks";
				PRODUCT_BUNDLE_IDENTIFIER = Perch.Mosaiek;
				PRODUCT_NAME = "$(TARGET_NAME)";
				SWIFT_OBJC_BRIDGING_HEADER = "Mosaiek/Bridging-Header.h";
			};
			name = Debug;
		};
		310917101C4EF2DE007EA1C5 /* Release */ = {
			isa = XCBuildConfiguration;
			baseConfigurationReference = 5E36629411E8E712D50B4D88 /* Pods-Mosaiek.release.xcconfig */;
			buildSettings = {
				ASSETCATALOG_COMPILER_APPICON_NAME = AppIcon;
				CODE_SIGN_IDENTITY = "iPhone Developer: Jonathan Schapiro (B6KNDXG7TJ)";
				FRAMEWORK_SEARCH_PATHS = (
					/Users/jonathanschapiro/Documents/FacebookSDK,
					/Users/jonathanschapiro/Documents/ParseSDK,
					/Users/jonathanschapiro/Documents/,
				);
				INFOPLIST_FILE = Mosaiek/Info.plist;
				LD_RUNPATH_SEARCH_PATHS = "$(inherited) @executable_path/Frameworks";
				PRODUCT_BUNDLE_IDENTIFIER = Perch.Mosaiek;
				PRODUCT_NAME = "$(TARGET_NAME)";
				SWIFT_OBJC_BRIDGING_HEADER = "Mosaiek/Bridging-Header.h";
			};
			name = Release;
		};
		310917121C4EF2DE007EA1C5 /* Debug */ = {
			isa = XCBuildConfiguration;
			buildSettings = {
				BUNDLE_LOADER = "$(TEST_HOST)";
				INFOPLIST_FILE = MosaiekTests/Info.plist;
				LD_RUNPATH_SEARCH_PATHS = "$(inherited) @executable_path/Frameworks @loader_path/Frameworks";
				PRODUCT_BUNDLE_IDENTIFIER = Perch.MosaiekTests;
				PRODUCT_NAME = "$(TARGET_NAME)";
				TEST_HOST = "$(BUILT_PRODUCTS_DIR)/Mosaiek.app/Mosaiek";
			};
			name = Debug;
		};
		310917131C4EF2DE007EA1C5 /* Release */ = {
			isa = XCBuildConfiguration;
			buildSettings = {
				BUNDLE_LOADER = "$(TEST_HOST)";
				INFOPLIST_FILE = MosaiekTests/Info.plist;
				LD_RUNPATH_SEARCH_PATHS = "$(inherited) @executable_path/Frameworks @loader_path/Frameworks";
				PRODUCT_BUNDLE_IDENTIFIER = Perch.MosaiekTests;
				PRODUCT_NAME = "$(TARGET_NAME)";
				TEST_HOST = "$(BUILT_PRODUCTS_DIR)/Mosaiek.app/Mosaiek";
			};
			name = Release;
		};
		310917151C4EF2DE007EA1C5 /* Debug */ = {
			isa = XCBuildConfiguration;
			buildSettings = {
				INFOPLIST_FILE = MosaiekUITests/Info.plist;
				LD_RUNPATH_SEARCH_PATHS = "$(inherited) @executable_path/Frameworks @loader_path/Frameworks";
				PRODUCT_BUNDLE_IDENTIFIER = Perch.MosaiekUITests;
				PRODUCT_NAME = "$(TARGET_NAME)";
				TEST_TARGET_NAME = Mosaiek;
				USES_XCTRUNNER = YES;
			};
			name = Debug;
		};
		310917161C4EF2DE007EA1C5 /* Release */ = {
			isa = XCBuildConfiguration;
			buildSettings = {
				INFOPLIST_FILE = MosaiekUITests/Info.plist;
				LD_RUNPATH_SEARCH_PATHS = "$(inherited) @executable_path/Frameworks @loader_path/Frameworks";
				PRODUCT_BUNDLE_IDENTIFIER = Perch.MosaiekUITests;
				PRODUCT_NAME = "$(TARGET_NAME)";
				TEST_TARGET_NAME = Mosaiek;
				USES_XCTRUNNER = YES;
			};
			name = Release;
		};
/* End XCBuildConfiguration section */

/* Begin XCConfigurationList section */
		310916DE1C4EF2DE007EA1C5 /* Build configuration list for PBXProject "Mosaiek" */ = {
			isa = XCConfigurationList;
			buildConfigurations = (
				3109170C1C4EF2DE007EA1C5 /* Debug */,
				3109170D1C4EF2DE007EA1C5 /* Release */,
			);
			defaultConfigurationIsVisible = 0;
			defaultConfigurationName = Release;
		};
		3109170E1C4EF2DE007EA1C5 /* Build configuration list for PBXNativeTarget "Mosaiek" */ = {
			isa = XCConfigurationList;
			buildConfigurations = (
				3109170F1C4EF2DE007EA1C5 /* Debug */,
				310917101C4EF2DE007EA1C5 /* Release */,
			);
			defaultConfigurationIsVisible = 0;
			defaultConfigurationName = Release;
		};
		310917111C4EF2DE007EA1C5 /* Build configuration list for PBXNativeTarget "MosaiekTests" */ = {
			isa = XCConfigurationList;
			buildConfigurations = (
				310917121C4EF2DE007EA1C5 /* Debug */,
				310917131C4EF2DE007EA1C5 /* Release */,
			);
			defaultConfigurationIsVisible = 0;
			defaultConfigurationName = Release;
		};
		310917141C4EF2DE007EA1C5 /* Build configuration list for PBXNativeTarget "MosaiekUITests" */ = {
			isa = XCConfigurationList;
			buildConfigurations = (
				310917151C4EF2DE007EA1C5 /* Debug */,
				310917161C4EF2DE007EA1C5 /* Release */,
			);
			defaultConfigurationIsVisible = 0;
			defaultConfigurationName = Release;
		};
/* End XCConfigurationList section */

/* Begin XCVersionGroup section */
		310916ED1C4EF2DE007EA1C5 /* Mosaiek.xcdatamodeld */ = {
			isa = XCVersionGroup;
			children = (
				310916EE1C4EF2DE007EA1C5 /* Mosaiek.xcdatamodel */,
			);
			currentVersion = 310916EE1C4EF2DE007EA1C5 /* Mosaiek.xcdatamodel */;
			path = Mosaiek.xcdatamodeld;
			sourceTree = "<group>";
			versionGroupType = wrapper.xcdatamodel;
		};
/* End XCVersionGroup section */
	};
	rootObject = 310916DB1C4EF2DE007EA1C5 /* Project object */;
}
